// !$*UTF8*$!
{
	archiveVersion = 1;
	classes = {
	};
	objectVersion = 46;
	objects = {

/* Begin PBXBuildFile section */
		B80916C11BC716F100E43344 /* AppDelegate.swift in Sources */ = {isa = PBXBuildFile; fileRef = B80916C01BC716F100E43344 /* AppDelegate.swift */; };
		B80916C31BC716F100E43344 /* ViewController.swift in Sources */ = {isa = PBXBuildFile; fileRef = B80916C21BC716F100E43344 /* ViewController.swift */; };
		B80916C61BC716F100E43344 /* Main.storyboard in Resources */ = {isa = PBXBuildFile; fileRef = B80916C41BC716F100E43344 /* Main.storyboard */; };
		B80916C81BC716F100E43344 /* Assets.xcassets in Resources */ = {isa = PBXBuildFile; fileRef = B80916C71BC716F100E43344 /* Assets.xcassets */; };
		B80916CB1BC716F100E43344 /* LaunchScreen.storyboard in Resources */ = {isa = PBXBuildFile; fileRef = B80916C91BC716F100E43344 /* LaunchScreen.storyboard */; };
		B80916D41BC7FE8F00E43344 /* Model.xcdatamodeld in Sources */ = {isa = PBXBuildFile; fileRef = B80916D21BC7FE8F00E43344 /* Model.xcdatamodeld */; settings = {ASSET_TAGS = (); }; };
		B80916DD1BC8040200E43344 /* Entity+CoreDataProperties.swift in Sources */ = {isa = PBXBuildFile; fileRef = B80916DB1BC8040200E43344 /* Entity+CoreDataProperties.swift */; settings = {ASSET_TAGS = (); }; };
		B80916DE1BC8040200E43344 /* Entity.swift in Sources */ = {isa = PBXBuildFile; fileRef = B80916DC1BC8040200E43344 /* Entity.swift */; settings = {ASSET_TAGS = (); }; };
		B80916E01BC8477B00E43344 /* BatchFetchedResultsControllerDelegate.swift in Sources */ = {isa = PBXBuildFile; fileRef = B80916DF1BC8477B00E43344 /* BatchFetchedResultsControllerDelegate.swift */; settings = {ASSET_TAGS = (); }; };
/* End PBXBuildFile section */

/* Begin PBXFileReference section */
		B80916BD1BC716F100E43344 /* TableViewMoveTest.app */ = {isa = PBXFileReference; explicitFileType = wrapper.application; includeInIndex = 0; path = TableViewMoveTest.app; sourceTree = BUILT_PRODUCTS_DIR; };
		B80916C01BC716F100E43344 /* AppDelegate.swift */ = {isa = PBXFileReference; lastKnownFileType = sourcecode.swift; path = AppDelegate.swift; sourceTree = "<group>"; };
		B80916C21BC716F100E43344 /* ViewController.swift */ = {isa = PBXFileReference; lastKnownFileType = sourcecode.swift; path = ViewController.swift; sourceTree = "<group>"; };
		B80916C51BC716F100E43344 /* Base */ = {isa = PBXFileReference; lastKnownFileType = file.storyboard; name = Base; path = Base.lproj/Main.storyboard; sourceTree = "<group>"; };
		B80916C71BC716F100E43344 /* Assets.xcassets */ = {isa = PBXFileReference; lastKnownFileType = folder.assetcatalog; path = Assets.xcassets; sourceTree = "<group>"; };
		B80916CA1BC716F100E43344 /* Base */ = {isa = PBXFileReference; lastKnownFileType = file.storyboard; name = Base; path = Base.lproj/LaunchScreen.storyboard; sourceTree = "<group>"; };
		B80916CC1BC716F100E43344 /* Info.plist */ = {isa = PBXFileReference; lastKnownFileType = text.plist.xml; path = Info.plist; sourceTree = "<group>"; };
		B80916D31BC7FE8F00E43344 /* Model.xcdatamodel */ = {isa = PBXFileReference; lastKnownFileType = wrapper.xcdatamodel; path = Model.xcdatamodel; sourceTree = "<group>"; };
		B80916DB1BC8040200E43344 /* Entity+CoreDataProperties.swift */ = {isa = PBXFileReference; fileEncoding = 4; lastKnownFileType = sourcecode.swift; path = "Entity+CoreDataProperties.swift"; sourceTree = "<group>"; };
		B80916DC1BC8040200E43344 /* Entity.swift */ = {isa = PBXFileReference; fileEncoding = 4; lastKnownFileType = sourcecode.swift; path = Entity.swift; sourceTree = "<group>"; };
		B80916DF1BC8477B00E43344 /* BatchFetchedResultsControllerDelegate.swift */ = {isa = PBXFileReference; fileEncoding = 4; lastKnownFileType = sourcecode.swift; path = BatchFetchedResultsControllerDelegate.swift; sourceTree = "<group>"; };
/* End PBXFileReference section */

/* Begin PBXFrameworksBuildPhase section */
		B80916BA1BC716F100E43344 /* Frameworks */ = {
			isa = PBXFrameworksBuildPhase;
			buildActionMask = 2147483647;
			files = (
			);
			runOnlyForDeploymentPostprocessing = 0;
		};
/* End PBXFrameworksBuildPhase section */

/* Begin PBXGroup section */
		B80916B41BC716F100E43344 = {
			isa = PBXGroup;
			children = (
				B80916BF1BC716F100E43344 /* TableViewMoveTest */,
				B80916BE1BC716F100E43344 /* Products */,
			);
			sourceTree = "<group>";
		};
		B80916BE1BC716F100E43344 /* Products */ = {
			isa = PBXGroup;
			children = (
				B80916BD1BC716F100E43344 /* TableViewMoveTest.app */,
			);
			name = Products;
			sourceTree = "<group>";
		};
		B80916BF1BC716F100E43344 /* TableViewMoveTest */ = {
			isa = PBXGroup;
			children = (
				B80916C01BC716F100E43344 /* AppDelegate.swift */,
				B80916C21BC716F100E43344 /* ViewController.swift */,
				B80916C41BC716F100E43344 /* Main.storyboard */,
				B80916C71BC716F100E43344 /* Assets.xcassets */,
				B80916C91BC716F100E43344 /* LaunchScreen.storyboard */,
				B80916CC1BC716F100E43344 /* Info.plist */,
				B80916D21BC7FE8F00E43344 /* Model.xcdatamodeld */,
				B80916DB1BC8040200E43344 /* Entity+CoreDataProperties.swift */,
				B80916DC1BC8040200E43344 /* Entity.swift */,
				B80916DF1BC8477B00E43344 /* BatchFetchedResultsControllerDelegate.swift */,
			);
			path = TableViewMoveTest;
			sourceTree = "<group>";
		};
/* End PBXGroup section */

/* Begin PBXNativeTarget section */
		B80916BC1BC716F100E43344 /* TableViewMoveTest */ = {
			isa = PBXNativeTarget;
			buildConfigurationList = B80916CF1BC716F100E43344 /* Build configuration list for PBXNativeTarget "TableViewMoveTest" */;
			buildPhases = (
				B80916B91BC716F100E43344 /* Sources */,
				B80916BA1BC716F100E43344 /* Frameworks */,
				B80916BB1BC716F100E43344 /* Resources */,
			);
			buildRules = (
			);
			dependencies = (
			);
			name = TableViewMoveTest;
			productName = TableViewMoveTest;
			productReference = B80916BD1BC716F100E43344 /* TableViewMoveTest.app */;
			productType = "com.apple.product-type.application";
		};
/* End PBXNativeTarget section */

/* Begin PBXProject section */
		B80916B51BC716F100E43344 /* Project object */ = {
			isa = PBXProject;
			attributes = {
				LastUpgradeCheck = 0700;
				ORGANIZATIONNAME = "Heath Borders";
				TargetAttributes = {
					B80916BC1BC716F100E43344 = {
						CreatedOnToolsVersion = 7.0.1;
					};
				};
			};
			buildConfigurationList = B80916B81BC716F100E43344 /* Build configuration list for PBXProject "TableViewMoveTest" */;
			compatibilityVersion = "Xcode 3.2";
			developmentRegion = English;
			hasScannedForEncodings = 0;
			knownRegions = (
				en,
				Base,
			);
			mainGroup = B80916B41BC716F100E43344;
			productRefGroup = B80916BE1BC716F100E43344 /* Products */;
			projectDirPath = "";
			projectRoot = "";
			targets = (
				B80916BC1BC716F100E43344 /* TableViewMoveTest */,
			);
		};
/* End PBXProject section */

/* Begin PBXResourcesBuildPhase section */
		B80916BB1BC716F100E43344 /* Resources */ = {
			isa = PBXResourcesBuildPhase;
			buildActionMask = 2147483647;
			files = (
				B80916CB1BC716F100E43344 /* LaunchScreen.storyboard in Resources */,
				B80916C81BC716F100E43344 /* Assets.xcassets in Resources */,
				B80916C61BC716F100E43344 /* Main.storyboard in Resources */,
			);
			runOnlyForDeploymentPostprocessing = 0;
		};
/* End PBXResourcesBuildPhase section */

/* Begin PBXSourcesBuildPhase section */
		B80916B91BC716F100E43344 /* Sources */ = {
			isa = PBXSourcesBuildPhase;
			buildActionMask = 2147483647;
			files = (
				B80916DD1BC8040200E43344 /* Entity+CoreDataProperties.swift in Sources */,
				B80916C31BC716F100E43344 /* ViewController.swift in Sources */,
				B80916DE1BC8040200E43344 /* Entity.swift in Sources */,
				B80916C11BC716F100E43344 /* AppDelegate.swift in Sources */,
				B80916E01BC8477B00E43344 /* BatchFetchedResultsControllerDelegate.swift in Sources */,
				B80916D41BC7FE8F00E43344 /* Model.xcdatamodeld in Sources */,
			);
			runOnlyForDeploymentPostprocessing = 0;
		};
/* End PBXSourcesBuildPhase section */

/* Begin PBXVariantGroup section */
		B80916C41BC716F100E43344 /* Main.storyboard */ = {
			isa = PBXVariantGroup;
			children = (
				B80916C51BC716F100E43344 /* Base */,
			);
			name = Main.storyboard;
			sourceTree = "<group>";
		};
		B80916C91BC716F100E43344 /* LaunchScreen.storyboard */ = {
			isa = PBXVariantGroup;
			children = (
				B80916CA1BC716F100E43344 /* Base */,
			);
			name = LaunchScreen.storyboard;
			sourceTree = "<group>";
		};
/* End PBXVariantGroup section */

/* Begin XCBuildConfiguration section */
		B80916CD1BC716F100E43344 /* Debug */ = {
			isa = XCBuildConfiguration;
			buildSettings = {
				ALWAYS_SEARCH_USER_PATHS = NO;
				CLANG_CXX_LANGUAGE_STANDARD = "gnu++0x";
				CLANG_CXX_LIBRARY = "libc++";
				CLANG_ENABLE_MODULES = YES;
				CLANG_ENABLE_OBJC_ARC = YES;
				CLANG_WARN_BOOL_CONVERSION = YES;
				CLANG_WARN_CONSTANT_CONVERSION = YES;
				CLANG_WARN_DIRECT_OBJC_ISA_USAGE = YES_ERROR;
				CLANG_WARN_EMPTY_BODY = YES;
				CLANG_WARN_ENUM_CONVERSION = YES;
				CLANG_WARN_INT_CONVERSION = YES;
				CLANG_WARN_OBJC_ROOT_CLASS = YES_ERROR;
				CLANG_WARN_UNREACHABLE_CODE = YES;
				CLANG_WARN__DUPLICATE_METHOD_MATCH = YES;
				"CODE_SIGN_IDENTITY[sdk=iphoneos*]" = "iPhone Developer";
				COPY_PHASE_STRIP = NO;
				DEBUG_INFORMATION_FORMAT = dwarf;
				ENABLE_STRICT_OBJC_MSGSEND = YES;
				ENABLE_TESTABILITY = YES;
				GCC_C_LANGUAGE_STANDARD = gnu99;
				GCC_DYNAMIC_NO_PIC = NO;
				GCC_NO_COMMON_BLOCKS = YES;
				GCC_OPTIMIZATION_LEVEL = 0;
				GCC_PREPROCESSOR_DEFINITIONS = (
					"DEBUG=1",
					"$(inherited)",
				);
				GCC_WARN_64_TO_32_BIT_CONVERSION = YES;
				GCC_WARN_ABOUT_RETURN_TYPE = YES_ERROR;
				GCC_WARN_UNDECLARED_SELECTOR = YES;
				GCC_WARN_UNINITIALIZED_AUTOS = YES_AGGRESSIVE;
				GCC_WARN_UNUSED_FUNCTION = YES;
				GCC_WARN_UNUSED_VARIABLE = YES;
				IPHONEOS_DEPLOYMENT_TARGET = 9.0;
				MTL_ENABLE_DEBUG_INFO = YES;
				ONLY_ACTIVE_ARCH = YES;
				SDKROOT = iphoneos;
				SWIFT_OPTIMIZATION_LEVEL = "-Onone";
				TARGETED_DEVICE_FAMILY = "1,2";
			};
			name = Debug;
		};
		B80916CE1BC716F100E43344 /* Release */ = {
			isa = XCBuildConfiguration;
			buildSettings = {
				ALWAYS_SEARCH_USER_PATHS = NO;
				CLANG_CXX_LANGUAGE_STANDARD = "gnu++0x";
				CLANG_CXX_LIBRARY = "libc++";
				CLANG_ENABLE_MODULES = YES;
				CLANG_ENABLE_OBJC_ARC = YES;
				CLANG_WARN_BOOL_CONVERSION = YES;
				CLANG_WARN_CONSTANT_CONVERSION = YES;
				CLANG_WARN_DIRECT_OBJC_ISA_USAGE = YES_ERROR;
				CLANG_WARN_EMPTY_BODY = YES;
				CLANG_WARN_ENUM_CONVERSION = YES;
				CLANG_WARN_INT_CONVERSION = YES;
				CLANG_WARN_OBJC_ROOT_CLASS = YES_ERROR;
				CLANG_WARN_UNREACHABLE_CODE = YES;
				CLANG_WARN__DUPLICATE_METHOD_MATCH = YES;
				"CODE_SIGN_IDENTITY[sdk=iphoneos*]" = "iPhone Developer";
				COPY_PHASE_STRIP = NO;
				DEBUG_INFORMATION_FORMAT = "dwarf-with-dsym";
				ENABLE_NS_ASSERTIONS = NO;
				ENABLE_STRICT_OBJC_MSGSEND = YES;
				GCC_C_LANGUAGE_STANDARD = gnu99;
				GCC_NO_COMMON_BLOCKS = YES;
				GCC_WARN_64_TO_32_BIT_CONVERSION = YES;
				GCC_WARN_ABOUT_RETURN_TYPE = YES_ERROR;
				GCC_WARN_UNDECLARED_SELECTOR = YES;
				GCC_WARN_UNINITIALIZED_AUTOS = YES_AGGRESSIVE;
				GCC_WARN_UNUSED_FUNCTION = YES;
				GCC_WARN_UNUSED_VARIABLE = YES;
				IPHONEOS_DEPLOYMENT_TARGET = 9.0;
				MTL_ENABLE_DEBUG_INFO = NO;
				SDKROOT = iphoneos;
				TARGETED_DEVICE_FAMILY = "1,2";
				VALIDATE_PRODUCT = YES;
			};
			name = Release;
		};
		B80916D01BC716F100E43344 /* Debug */ = {
			isa = XCBuildConfiguration;
			buildSettings = {
				ASSETCATALOG_COMPILER_APPICON_NAME = AppIcon;
				INFOPLIST_FILE = TableViewMoveTest/Info.plist;
				IPHONEOS_DEPLOYMENT_TARGET = 8.0;
				LD_RUNPATH_SEARCH_PATHS = "$(inherited) @executable_path/Frameworks";
				PRODUCT_BUNDLE_IDENTIFIER = com.jivesoftware.TableViewMoveTest;
				PRODUCT_NAME = "$(TARGET_NAME)";
			};
			name = Debug;
		};
		B80916D11BC716F100E43344 /* Release */ = {
			isa = XCBuildConfiguration;
			buildSettings = {
				ASSETCATALOG_COMPILER_APPICON_NAME = AppIcon;
				INFOPLIST_FILE = TableViewMoveTest/Info.plist;
				IPHONEOS_DEPLOYMENT_TARGET = 8.0;
				LD_RUNPATH_SEARCH_PATHS = "$(inherited) @executable_path/Frameworks";
				PRODUCT_BUNDLE_IDENTIFIER = com.jivesoftware.TableViewMoveTest;
				PRODUCT_NAME = "$(TARGET_NAME)";
			};
			name = Release;
		};
/* End XCBuildConfiguration section */

/* Begin XCConfigurationList section */
		B80916B81BC716F100E43344 /* Build configuration list for PBXProject "TableViewMoveTest" */ = {
			isa = XCConfigurationList;
			buildConfigurations = (
				B80916CD1BC716F100E43344 /* Debug */,
				B80916CE1BC716F100E43344 /* Release */,
			);
			defaultConfigurationIsVisible = 0;
			defaultConfigurationName = Release;
		};
		B80916CF1BC716F100E43344 /* Build configuration list for PBXNativeTarget "TableViewMoveTest" */ = {
			isa = XCConfigurationList;
			buildConfigurations = (
				B80916D01BC716F100E43344 /* Debug */,
				B80916D11BC716F100E43344 /* Release */,
			);
			defaultConfigurationIsVisible = 0;
			defaultConfigurationName = Release;
		};
/* End XCConfigurationList section */

/* Begin XCVersionGroup section */
		B80916D21BC7FE8F00E43344 /* Model.xcdatamodeld */ = {
			isa = XCVersionGroup;
			children = (
				B80916D31BC7FE8F00E43344 /* Model.xcdatamodel */,
			);
			currentVersion = B80916D31BC7FE8F00E43344 /* Model.xcdatamodel */;
			path = Model.xcdatamodeld;
			sourceTree = "<group>";
			versionGroupType = wrapper.xcdatamodel;
		};
/* End XCVersionGroup section */
	};
	rootObject = B80916B51BC716F100E43344 /* Project object */;
}
